
Microsoft Visual Studio Solution File, Format Version 12.00
# Visual Studio Version 17
VisualStudioVersion = 17.0.31912.275
MinimumVisualStudioVersion = 10.0.40219.1
Project("{2150E333-8FDC-42A3-9474-1A3956D46DE8}") = "src", "src", "{FCA87596-4BCD-44A0-BAF8-9549D74E3D5D}"
EndProject
Project("{2150E333-8FDC-42A3-9474-1A3956D46DE8}") = "tests", "tests", "{4C49C4BE-5B17-45A3-96B5-6CF930A910FE}"
EndProject
Project("{9A19103F-16F7-4668-BE54-9A1E7A4F7556}") = "StoreManage.Entities", "StoreManage.Entities\StoreManage.Entities.csproj", "{C283535F-B252-458A-B89F-C365908F7CBC}"
EndProject
Project("{9A19103F-16F7-4668-BE54-9A1E7A4F7556}") = "StoreManage.Infrastructure", "StoreManage.Infrastructure\StoreManage.Infrastructure.csproj", "{BBDD38F2-01CF-4623-854E-E1849156716C}"
EndProject
Project("{9A19103F-16F7-4668-BE54-9A1E7A4F7556}") = "StoreManage.Migrations", "StoreManage.Migrations\StoreManage.Migrations.csproj", "{A2EC259A-47C6-4812-BF43-6DD79BE76191}"
EndProject
Project("{FAE04EC0-301F-11D3-BF4B-00C04F79EFBC}") = "StoreManage.Persistence.EF", "StoreManage.Persistence.EF\StoreManage.Persistence.EF.csproj", "{2D7F76B4-D809-4D20-83AA-5C548E76DD9A}"
EndProject
Project("{FAE04EC0-301F-11D3-BF4B-00C04F79EFBC}") = "StoreManage.RestAPI", "StoreManage.RestAPI\StoreManage.RestAPI.csproj", "{1D2B480A-61E7-4111-A5A9-5ABB7F236E57}"
EndProject
Project("{FAE04EC0-301F-11D3-BF4B-00C04F79EFBC}") = "StoreManage.Services", "StoreManage.Services\StoreManage.Services.csproj", "{6149A651-2B05-46CD-9B0F-CF255DC6F032}"
EndProject
Global
	GlobalSection(SolutionConfigurationPlatforms) = preSolution
		Debug|Any CPU = Debug|Any CPU
		Release|Any CPU = Release|Any CPU
	EndGlobalSection
	GlobalSection(ProjectConfigurationPlatforms) = postSolution
		{C283535F-B252-458A-B89F-C365908F7CBC}.Debug|Any CPU.ActiveCfg = Debug|Any CPU
		{C283535F-B252-458A-B89F-C365908F7CBC}.Debug|Any CPU.Build.0 = Debug|Any CPU
		{C283535F-B252-458A-B89F-C365908F7CBC}.Release|Any CPU.ActiveCfg = Release|Any CPU
		{C283535F-B252-458A-B89F-C365908F7CBC}.Release|Any CPU.Build.0 = Release|Any CPU
		{BBDD38F2-01CF-4623-854E-E1849156716C}.Debug|Any CPU.ActiveCfg = Debug|Any CPU
		{BBDD38F2-01CF-4623-854E-E1849156716C}.Debug|Any CPU.Build.0 = Debug|Any CPU
		{BBDD38F2-01CF-4623-854E-E1849156716C}.Release|Any CPU.ActiveCfg = Release|Any CPU
		{BBDD38F2-01CF-4623-854E-E1849156716C}.Release|Any CPU.Build.0 = Release|Any CPU
		{A2EC259A-47C6-4812-BF43-6DD79BE76191}.Debug|Any CPU.ActiveCfg = Debug|Any CPU
		{A2EC259A-47C6-4812-BF43-6DD79BE76191}.Debug|Any CPU.Build.0 = Debug|Any CPU
		{A2EC259A-47C6-4812-BF43-6DD79BE76191}.Release|Any CPU.ActiveCfg = Release|Any CPU
		{A2EC259A-47C6-4812-BF43-6DD79BE76191}.Release|Any CPU.Build.0 = Release|Any CPU
		{2D7F76B4-D809-4D20-83AA-5C548E76DD9A}.Debug|Any CPU.ActiveCfg = Debug|Any CPU
		{2D7F76B4-D809-4D20-83AA-5C548E76DD9A}.Debug|Any CPU.Build.0 = Debug|Any CPU
		{2D7F76B4-D809-4D20-83AA-5C548E76DD9A}.Release|Any CPU.ActiveCfg = Release|Any CPU
		{2D7F76B4-D809-4D20-83AA-5C548E76DD9A}.Release|Any CPU.Build.0 = Release|Any CPU
		{1D2B480A-61E7-4111-A5A9-5ABB7F236E57}.Debug|Any CPU.ActiveCfg = Debug|Any CPU
		{1D2B480A-61E7-4111-A5A9-5ABB7F236E57}.Debug|Any CPU.Build.0 = Debug|Any CPU
		{1D2B480A-61E7-4111-A5A9-5ABB7F236E57}.Release|Any CPU.ActiveCfg = Release|Any CPU
		{1D2B480A-61E7-4111-A5A9-5ABB7F236E57}.Release|Any CPU.Build.0 = Release|Any CPU
		{6149A651-2B05-46CD-9B0F-CF255DC6F032}.Debug|Any CPU.ActiveCfg = Debug|Any CPU
		{6149A651-2B05-46CD-9B0F-CF255DC6F032}.Debug|Any CPU.Build.0 = Debug|Any CPU
		{6149A651-2B05-46CD-9B0F-CF255DC6F032}.Release|Any CPU.ActiveCfg = Release|Any CPU
		{6149A651-2B05-46CD-9B0F-CF255DC6F032}.Release|Any CPU.Build.0 = Release|Any CPU
	EndGlobalSection
	GlobalSection(SolutionProperties) = preSolution
		HideSolutionNode = FALSE
	EndGlobalSection
	GlobalSection(NestedProjects) = preSolution
		{C283535F-B252-458A-B89F-C365908F7CBC} = {FCA87596-4BCD-44A0-BAF8-9549D74E3D5D}
		{BBDD38F2-01CF-4623-854E-E1849156716C} = {FCA87596-4BCD-44A0-BAF8-9549D74E3D5D}
		{A2EC259A-47C6-4812-BF43-6DD79BE76191} = {FCA87596-4BCD-44A0-BAF8-9549D74E3D5D}
		{2D7F76B4-D809-4D20-83AA-5C548E76DD9A} = {FCA87596-4BCD-44A0-BAF8-9549D74E3D5D}
		{1D2B480A-61E7-4111-A5A9-5ABB7F236E57} = {FCA87596-4BCD-44A0-BAF8-9549D74E3D5D}
		{6149A651-2B05-46CD-9B0F-CF255DC6F032} = {FCA87596-4BCD-44A0-BAF8-9549D74E3D5D}
	EndGlobalSection
	GlobalSection(ExtensibilityGlobals) = postSolution
		SolutionGuid = {E5F6F893-E708-486F-B0F8-071495D4D11F}
	EndGlobalSection
EndGlobal
