
Microsoft Visual Studio Solution File, Format Version 12.00
# Visual Studio Version 17
VisualStudioVersion = 17.0.31912.275
MinimumVisualStudioVersion = 10.0.40219.1
Project("{2150E333-8FDC-42A3-9474-1A3956D46DE8}") = "src", "src", "{FCA87596-4BCD-44A0-BAF8-9549D74E3D5D}"
EndProject
Project("{2150E333-8FDC-42A3-9474-1A3956D46DE8}") = "tests", "tests", "{4C49C4BE-5B17-45A3-96B5-6CF930A910FE}"
EndProject
Project("{FAE04EC0-301F-11D3-BF4B-00C04F79EFBC}") = "StoreManage.Entities", "StoreManage.Entities\StoreManage.Entities.csproj", "{C283535F-B252-458A-B89F-C365908F7CBC}"
EndProject
Project("{FAE04EC0-301F-11D3-BF4B-00C04F79EFBC}") = "StoreManage.Infrastructure", "StoreManage.Infrastructure\StoreManage.Infrastructure.csproj", "{BBDD38F2-01CF-4623-854E-E1849156716C}"
EndProject
Global
	GlobalSection(SolutionConfigurationPlatforms) = preSolution
		Debug|Any CPU = Debug|Any CPU
		Release|Any CPU = Release|Any CPU
	EndGlobalSection
	GlobalSection(ProjectConfigurationPlatforms) = postSolution
		{C283535F-B252-458A-B89F-C365908F7CBC}.Debug|Any CPU.ActiveCfg = Debug|Any CPU
		{C283535F-B252-458A-B89F-C365908F7CBC}.Debug|Any CPU.Build.0 = Debug|Any CPU
		{C283535F-B252-458A-B89F-C365908F7CBC}.Release|Any CPU.ActiveCfg = Release|Any CPU
		{C283535F-B252-458A-B89F-C365908F7CBC}.Release|Any CPU.Build.0 = Release|Any CPU
		{BBDD38F2-01CF-4623-854E-E1849156716C}.Debug|Any CPU.ActiveCfg = Debug|Any CPU
		{BBDD38F2-01CF-4623-854E-E1849156716C}.Debug|Any CPU.Build.0 = Debug|Any CPU
		{BBDD38F2-01CF-4623-854E-E1849156716C}.Release|Any CPU.ActiveCfg = Release|Any CPU
		{BBDD38F2-01CF-4623-854E-E1849156716C}.Release|Any CPU.Build.0 = Release|Any CPU
	EndGlobalSection
	GlobalSection(SolutionProperties) = preSolution
		HideSolutionNode = FALSE
	EndGlobalSection
	GlobalSection(NestedProjects) = preSolution
		{C283535F-B252-458A-B89F-C365908F7CBC} = {FCA87596-4BCD-44A0-BAF8-9549D74E3D5D}
		{BBDD38F2-01CF-4623-854E-E1849156716C} = {FCA87596-4BCD-44A0-BAF8-9549D74E3D5D}
	EndGlobalSection
	GlobalSection(ExtensibilityGlobals) = postSolution
		SolutionGuid = {E5F6F893-E708-486F-B0F8-071495D4D11F}
	EndGlobalSection
EndGlobal
